
Microsoft Visual Studio Solution File, Format Version 12.00
# Visual Studio 15
VisualStudioVersion = 15.0.27428.2043
MinimumVisualStudioVersion = 10.0.40219.1
Project("{FAE04EC0-301F-11D3-BF4B-00C04F79EFBC}") = "TestExcelToWord", "TestExcelToWord.csproj", "{59EDFF65-84BB-47B4-8BD4-77F10077B52B}"
EndProject
Global
	GlobalSection(SolutionConfigurationPlatforms) = preSolution
		Debug|Any CPU = Debug|Any CPU
		Release|Any CPU = Release|Any CPU
	EndGlobalSection
	GlobalSection(ProjectConfigurationPlatforms) = postSolution
		{59EDFF65-84BB-47B4-8BD4-77F10077B52B}.Debug|Any CPU.ActiveCfg = Debug|Any CPU
		{59EDFF65-84BB-47B4-8BD4-77F10077B52B}.Debug|Any CPU.Build.0 = Debug|Any CPU
		{59EDFF65-84BB-47B4-8BD4-77F10077B52B}.Release|Any CPU.ActiveCfg = Release|Any CPU
		{59EDFF65-84BB-47B4-8BD4-77F10077B52B}.Release|Any CPU.Build.0 = Release|Any CPU
	EndGlobalSection
	GlobalSection(SolutionProperties) = preSolution
		HideSolutionNode = FALSE
	EndGlobalSection
	GlobalSection(ExtensibilityGlobals) = postSolution
		SolutionGuid = {AA0F3EDD-A989-4B97-88C7-10CF507DE885}
	EndGlobalSection
EndGlobal
